
Microsoft Visual Studio Solution File, Format Version 12.00
# Visual Studio Version 17
VisualStudioVersion = 17.12.35506.116 d17.12
MinimumVisualStudioVersion = 10.0.40219.1
Project("{FAE04EC0-301F-11D3-BF4B-00C04F79EFBC}") = "studentsAPI", "studentsAPI\studentsAPI.csproj", "{AE3F4D6B-006E-4D36-8E91-F32D895EC03A}"
EndProject
Global
	GlobalSection(SolutionConfigurationPlatforms) = preSolution
		Debug|Any CPU = Debug|Any CPU
		Release|Any CPU = Release|Any CPU
	EndGlobalSection
	GlobalSection(ProjectConfigurationPlatforms) = postSolution
		{AE3F4D6B-006E-4D36-8E91-F32D895EC03A}.Debug|Any CPU.ActiveCfg = Debug|Any CPU
		{AE3F4D6B-006E-4D36-8E91-F32D895EC03A}.Debug|Any CPU.Build.0 = Debug|Any CPU
		{AE3F4D6B-006E-4D36-8E91-F32D895EC03A}.Release|Any CPU.ActiveCfg = Release|Any CPU
		{AE3F4D6B-006E-4D36-8E91-F32D895EC03A}.Release|Any CPU.Build.0 = Release|Any CPU
	EndGlobalSection
	GlobalSection(SolutionProperties) = preSolution
		HideSolutionNode = FALSE
	EndGlobalSection
EndGlobal
